
Microsoft Visual Studio Solution File, Format Version 12.00
# Visual Studio 15
VisualStudioVersion = 15.0.27703.2035
MinimumVisualStudioVersion = 10.0.40219.1
Project("{FAE04EC0-301F-11D3-BF4B-00C04F79EFBC}") = "Hospital.Api", "Hospital.Api\Hospital.Api.csproj", "{C0D23257-E0AF-4518-81BE-34CB49DA81EC}"
EndProject
Project("{FAE04EC0-301F-11D3-BF4B-00C04F79EFBC}") = "Hospital.Core", "Hospital.Core\Hospital.Core.csproj", "{18BAECC3-680B-4A00-A8D4-15050EC6FDFA}"
EndProject
Project("{FAE04EC0-301F-11D3-BF4B-00C04F79EFBC}") = "Hospital.Model", "Hospital.Model\Hospital.Model.csproj", "{1A1FA46B-1F68-4739-8F5E-DC1C6D8A4026}"
EndProject
Project("{FAE04EC0-301F-11D3-BF4B-00C04F79EFBC}") = "Hospital.Data", "Hospital.Data\Hospital.Data.csproj", "{EB64B1CA-67D4-4C4C-ABD5-E5C64C6DA7F5}"
EndProject
Global
	GlobalSection(SolutionConfigurationPlatforms) = preSolution
		Debug|Any CPU = Debug|Any CPU
		Release|Any CPU = Release|Any CPU
	EndGlobalSection
	GlobalSection(ProjectConfigurationPlatforms) = postSolution
		{C0D23257-E0AF-4518-81BE-34CB49DA81EC}.Debug|Any CPU.ActiveCfg = Debug|Any CPU
		{C0D23257-E0AF-4518-81BE-34CB49DA81EC}.Debug|Any CPU.Build.0 = Debug|Any CPU
		{C0D23257-E0AF-4518-81BE-34CB49DA81EC}.Release|Any CPU.ActiveCfg = Release|Any CPU
		{C0D23257-E0AF-4518-81BE-34CB49DA81EC}.Release|Any CPU.Build.0 = Release|Any CPU
		{18BAECC3-680B-4A00-A8D4-15050EC6FDFA}.Debug|Any CPU.ActiveCfg = Debug|Any CPU
		{18BAECC3-680B-4A00-A8D4-15050EC6FDFA}.Debug|Any CPU.Build.0 = Debug|Any CPU
		{18BAECC3-680B-4A00-A8D4-15050EC6FDFA}.Release|Any CPU.ActiveCfg = Release|Any CPU
		{18BAECC3-680B-4A00-A8D4-15050EC6FDFA}.Release|Any CPU.Build.0 = Release|Any CPU
		{1A1FA46B-1F68-4739-8F5E-DC1C6D8A4026}.Debug|Any CPU.ActiveCfg = Debug|Any CPU
		{1A1FA46B-1F68-4739-8F5E-DC1C6D8A4026}.Debug|Any CPU.Build.0 = Debug|Any CPU
		{1A1FA46B-1F68-4739-8F5E-DC1C6D8A4026}.Release|Any CPU.ActiveCfg = Release|Any CPU
		{1A1FA46B-1F68-4739-8F5E-DC1C6D8A4026}.Release|Any CPU.Build.0 = Release|Any CPU
		{EB64B1CA-67D4-4C4C-ABD5-E5C64C6DA7F5}.Debug|Any CPU.ActiveCfg = Debug|Any CPU
		{EB64B1CA-67D4-4C4C-ABD5-E5C64C6DA7F5}.Debug|Any CPU.Build.0 = Debug|Any CPU
		{EB64B1CA-67D4-4C4C-ABD5-E5C64C6DA7F5}.Release|Any CPU.ActiveCfg = Release|Any CPU
		{EB64B1CA-67D4-4C4C-ABD5-E5C64C6DA7F5}.Release|Any CPU.Build.0 = Release|Any CPU
	EndGlobalSection
	GlobalSection(SolutionProperties) = preSolution
		HideSolutionNode = FALSE
	EndGlobalSection
	GlobalSection(ExtensibilityGlobals) = postSolution
		SolutionGuid = {42F45E47-D2C4-452B-BFC6-72E2AF6D72D5}
	EndGlobalSection
EndGlobal
